dependencies:
- name: postgresql-accounts
  repository: file://./charts/postgresql-accounts
  version: 0.1.0
- name: postgresql-exchange
  repository: file://./charts/postgresql-exchange
  version: 0.1.0
- name: accounts
  repository: file://./charts/accounts
  version: 0.1.0
- name: blocker
  repository: file://./charts/blocker
  version: 0.1.0
- name: cash
  repository: file://./charts/cash
  version: 0.1.0
- name: exchange
  repository: file://./charts/exchange
  version: 0.1.0
- name: frontui
  repository: file://./charts/frontui
  version: 0.1.0
- name: generator
  repository: file://./charts/generator
  version: 0.1.0
- name: notifications
  repository: file://./charts/notifications
  version: 0.1.0
- name: transfer
  repository: file://./charts/transfer
  version: 0.1.0
digest: sha256:cbeeb262d22bfda7213f45b247d968fdc2582653b348b69d05c83b9c15050254
generated: "2025-10-28T18:44:21.6296708+03:00"
